<?xml version="1.0" encoding="utf-8"?>
<Project ToolsVersion="4.0" xmlns="http://schemas.microsoft.com/developer/msbuild/2003">
  <ItemGroup>
    <Filter Include="Source Files">
      <UniqueIdentifier>{4FC737F1-C7A5-4376-A066-2A32D752A2FF}</UniqueIdentifier>
      <Extensions>cpp;c;cc;cxx;c++;cppm;ixx;def;odl;idl;hpj;bat;asm;asmx</Extensions>
    </Filter>
    <Filter Include="Header Files">
      <UniqueIdentifier>{93995380-89BD-4b04-88EB-625FBE52EBFB}</UniqueIdentifier>
      <Extensions>h;hh;hpp;hxx;h++;hm;inl;inc;ipp;xsd</Extensions>
    </Filter>
    <Filter Include="Resource Files">
      <UniqueIdentifier>{67DA6AB6-F800-4c08-8B7A-83BB121AAD01}</UniqueIdentifier>
      <Extensions>rc;ico;cur;bmp;dlg;rc2;rct;bin;rgs;gif;jpg;jpeg;jpe;resx;tiff;tif;png;wav;mfcribbon-ms</Extensions>
    </Filter>
    <Filter Include="Source Files\Core">
      <UniqueIdentifier>{e134b2d5-8fd4-400c-8235-02c18dc1810d}</UniqueIdentifier>
    </Filter>
    <Filter Include="Source Files\Game">
      <UniqueIdentifier>{5c293996-2f5d-4ea5-86d8-4c1686e58861}</UniqueIdentifier>
    </Filter>
    <Filter Include="Header Files\Core">
      <UniqueIdentifier>{744677e1-647d-456a-b773-0fd008dd23b3}</UniqueIdentifier>
    </Filter>
    <Filter Include="Header Files\Game">
      <UniqueIdentifier>{2ad05f44-b876-41eb-8b06-4f69c7e6b480}</UniqueIdentifier>
    </Filter>
    <Filter Include="Header Files\Core\Utility">
      <UniqueIdentifier>{3c55133d-7837-4463-a2a1-306561b561e4}</UniqueIdentifier>
    </Filter>
    <Filter Include="Header Files\Core\EngineCore">
      <UniqueIdentifier>{370b3c1a-2971-4b20-a4e0-2014ecce80e0}</UniqueIdentifier>
    </Filter>
    <Filter Include="Source Files\Core\EngineCore">
      <UniqueIdentifier>{28093933-efad-459a-8e3c-8503d527f20d}</UniqueIdentifier>
    </Filter>
    <Filter Include="Header Files\Core\EngineCore\Componentes">
      <UniqueIdentifier>{ea1051ea-58dc-4655-bf56-56d3cf465e7d}</UniqueIdentifier>
    </Filter>
    <Filter Include="Header Files\Core\EngineCore\Main">
      <UniqueIdentifier>{ff39af8f-220a-4210-8fa0-52da365943ed}</UniqueIdentifier>
    </Filter>
    <Filter Include="Header Files\Core\EngineCore\Object">
      <UniqueIdentifier>{f6f84741-e7ed-49a2-8fa7-8168520fc67d}</UniqueIdentifier>
    </Filter>
    <Filter Include="Source Files\Core\EngineCore\Componentes">
      <UniqueIdentifier>{62551445-467a-45ff-a8b1-bf4189d56cc2}</UniqueIdentifier>
    </Filter>
    <Filter Include="Source Files\Core\EngineCore\Main">
      <UniqueIdentifier>{b35f3188-1c95-4b86-90d3-d782a18292c1}</UniqueIdentifier>
    </Filter>
    <Filter Include="Source Files\Core\EngineCore\Object">
      <UniqueIdentifier>{166e65cf-e39b-42c9-be2c-8ce41230e358}</UniqueIdentifier>
    </Filter>
    <Filter Include="Header Files\Core\EngineCore\Main\Manager">
      <UniqueIdentifier>{e9548c07-f47d-4158-9b86-9e4ef09187b0}</UniqueIdentifier>
    </Filter>
    <Filter Include="Source Files\Core\EngineCore\Main\Manager">
      <UniqueIdentifier>{5e066214-8b2a-46dc-9497-f1a733273544}</UniqueIdentifier>
    </Filter>
  </ItemGroup>
  <ItemGroup>
    <ClCompile Include="Game.cpp">
      <Filter>Source Files\Game</Filter>
    </ClCompile>
    <ClCompile Include="stdafx.cpp">
      <Filter>Header Files\Core</Filter>
    </ClCompile>
    <ClCompile Include="myApp.cpp">
      <Filter>Source Files\Game</Filter>
    </ClCompile>
    <ClCompile Include="GameInstance.cpp">
      <Filter>Source Files\Core\EngineCore\Main</Filter>
    </ClCompile>
    <ClCompile Include="GameStatics.cpp">
      <Filter>Source Files\Core\EngineCore\Main</Filter>
    </ClCompile>
    <ClCompile Include="MyTexture.cpp">
      <Filter>Source Files\Core\EngineCore\Main</Filter>
    </ClCompile>
    <ClCompile Include="Object.cpp">
      <Filter>Source Files\Core\EngineCore\Object</Filter>
    </ClCompile>
    <ClCompile Include="Level.cpp">
      <Filter>Source Files\Core\EngineCore\Main</Filter>
    </ClCompile>
    <ClCompile Include="Timer.cpp">
      <Filter>Source Files\Core\EngineCore\Main</Filter>
    </ClCompile>
    <ClCompile Include="VisualInterface.cpp">
      <Filter>Source Files\Core\EngineCore\Main</Filter>
    </ClCompile>
    <ClCompile Include="SpriteRenderer.cpp">
      <Filter>Source Files\Core\EngineCore\Componentes</Filter>
    </ClCompile>
    <ClCompile Include="SceneComponent.cpp">
      <Filter>Source Files\Core\EngineCore\Componentes</Filter>
    </ClCompile>
    <ClCompile Include="Component.cpp">
      <Filter>Source Files\Core\EngineCore\Componentes</Filter>
    </ClCompile>
    <ClCompile Include="World.cpp">
      <Filter>Source Files\Core\EngineCore\Main</Filter>
    </ClCompile>
    <ClCompile Include="StaticMesh.cpp">
      <Filter>Source Files\Core\EngineCore\Object</Filter>
    </ClCompile>
    <ClCompile Include="ResourceManager.cpp">
      <Filter>Source Files\Core\EngineCore\Main\Manager</Filter>
    </ClCompile>
    <ClCompile Include="GameLevel.cpp">
      <Filter>Source Files\Game</Filter>
    </ClCompile>
    <ClCompile Include="Controller.cpp">
      <Filter>Source Files\Core\EngineCore\Object</Filter>
    </ClCompile>
    <ClCompile Include="Camera.cpp">
      <Filter>Source Files\Core\EngineCore\Componentes</Filter>
    </ClCompile>
    <ClCompile Include="CTimer.cpp">
      <Filter>Source Files\Core\EngineCore\Main</Filter>
    </ClCompile>
    <ClCompile Include="GameController.cpp">
      <Filter>Source Files\Game</Filter>
    </ClCompile>
    <ClCompile Include="InputComponent.cpp">
      <Filter>Source Files</Filter>
    </ClCompile>
  </ItemGroup>
  <ItemGroup>
    <ClInclude Include="Vector2.h">
      <Filter>Header Files\Core\Utility</Filter>
    </ClInclude>
    <ClInclude Include="Transform.h">
      <Filter>Header Files\Core\Utility</Filter>
    </ClInclude>
    <ClInclude Include="Singleton.h">
      <Filter>Header Files\Core\Utility</Filter>
    </ClInclude>
    <ClInclude Include="stdafx.h">
      <Filter>Source Files\Core</Filter>
    </ClInclude>
    <ClInclude Include="myApp.h">
      <Filter>Header Files\Game</Filter>
    </ClInclude>
    <ClInclude Include="Component.h">
      <Filter>Header Files\Core\EngineCore\Componentes</Filter>
    </ClInclude>
    <ClInclude Include="SceneComponent.h">
      <Filter>Header Files\Core\EngineCore\Componentes</Filter>
    </ClInclude>
    <ClInclude Include="SpriteRenderer.h">
      <Filter>Header Files\Core\EngineCore\Componentes</Filter>
    </ClInclude>
    <ClInclude Include="Base.h">
      <Filter>Header Files\Core\EngineCore\Main</Filter>
    </ClInclude>
    <ClInclude Include="GameInstance.h">
      <Filter>Header Files\Core\EngineCore\Main</Filter>
    </ClInclude>
    <ClInclude Include="GameStatics.h">
      <Filter>Header Files\Core\EngineCore\Main</Filter>
    </ClInclude>
    <ClInclude Include="Level.h">
      <Filter>Header Files\Core\EngineCore\Main</Filter>
    </ClInclude>
    <ClInclude Include="MyTexture.h">
      <Filter>Header Files\Core\EngineCore\Main</Filter>
    </ClInclude>
    <ClInclude Include="Object.h">
      <Filter>Header Files\Core\EngineCore\Object</Filter>
    </ClInclude>
    <ClInclude Include="Timer.h">
      <Filter>Header Files\Core\EngineCore\Main</Filter>
    </ClInclude>
    <ClInclude Include="VisualInterface.h">
      <Filter>Header Files\Core\EngineCore\Main</Filter>
    </ClInclude>
    <ClInclude Include="World.h">
      <Filter>Header Files\Core\EngineCore\Main</Filter>
    </ClInclude>
    <ClInclude Include="StaticMesh.h">
      <Filter>Header Files\Core\EngineCore\Object</Filter>
    </ClInclude>
    <ClInclude Include="ResourceManager.h">
      <Filter>Header Files\Core\EngineCore\Main\Manager</Filter>
    </ClInclude>
    <ClInclude Include="GameLevel.h">
      <Filter>Header Files\Game</Filter>
    </ClInclude>
    <ClInclude Include="Controller.h">
      <Filter>Header Files\Core\EngineCore\Object</Filter>
    </ClInclude>
    <ClInclude Include="Camera.h">
      <Filter>Header Files\Core\EngineCore\Componentes</Filter>
    </ClInclude>
    <ClInclude Include="CTimer.h">
      <Filter>Header Files\Core\EngineCore\Main</Filter>
    </ClInclude>
    <ClInclude Include="GameController.h">
      <Filter>Header Files\Game</Filter>
    </ClInclude>
    <ClInclude Include="Math.h">
      <Filter>Header Files\Core\Utility</Filter>
    </ClInclude>
    <ClInclude Include="InputComponent.h">
      <Filter>Header Files</Filter>
    </ClInclude>
  </ItemGroup>
</Project>