<?xml version="1.0" encoding="utf-8"?>
<Project ToolsVersion="4.0" xmlns="http://schemas.microsoft.com/developer/msbuild/2003">
  <ItemGroup>
    <Filter Include="Source Files">
      <UniqueIdentifier>{4FC737F1-C7A5-4376-A066-2A32D752A2FF}</UniqueIdentifier>
      <Extensions>cpp;c;cc;cxx;c++;cppm;ixx;def;odl;idl;hpj;bat;asm;asmx</Extensions>
    </Filter>
    <Filter Include="Header Files">
      <UniqueIdentifier>{93995380-89BD-4b04-88EB-625FBE52EBFB}</UniqueIdentifier>
      <Extensions>h;hh;hpp;hxx;h++;hm;inl;inc;ipp;xsd</Extensions>
    </Filter>
    <Filter Include="Resource Files">
      <UniqueIdentifier>{67DA6AB6-F800-4c08-8B7A-83BB121AAD01}</UniqueIdentifier>
      <Extensions>rc;ico;cur;bmp;dlg;rc2;rct;bin;rgs;gif;jpg;jpeg;jpe;resx;tiff;tif;png;wav;mfcribbon-ms</Extensions>
    </Filter>
    <Filter Include="Source Files\Core">
      <UniqueIdentifier>{e134b2d5-8fd4-400c-8235-02c18dc1810d}</UniqueIdentifier>
    </Filter>
    <Filter Include="Source Files\Components">
      <UniqueIdentifier>{af30eb7a-cd13-442f-9d66-561a9f50246b}</UniqueIdentifier>
    </Filter>
    <Filter Include="Source Files\Game">
      <UniqueIdentifier>{5c293996-2f5d-4ea5-86d8-4c1686e58861}</UniqueIdentifier>
    </Filter>
    <Filter Include="Header Files\Core">
      <UniqueIdentifier>{744677e1-647d-456a-b773-0fd008dd23b3}</UniqueIdentifier>
    </Filter>
    <Filter Include="Header Files\Components">
      <UniqueIdentifier>{62dec928-3162-44b7-9ffe-543ba65f8df0}</UniqueIdentifier>
    </Filter>
    <Filter Include="Header Files\Game">
      <UniqueIdentifier>{2ad05f44-b876-41eb-8b06-4f69c7e6b480}</UniqueIdentifier>
    </Filter>
    <Filter Include="Header Files\Core\Utility">
      <UniqueIdentifier>{3c55133d-7837-4463-a2a1-306561b561e4}</UniqueIdentifier>
    </Filter>
    <Filter Include="Header Files\Core\EngineCore">
      <UniqueIdentifier>{370b3c1a-2971-4b20-a4e0-2014ecce80e0}</UniqueIdentifier>
    </Filter>
    <Filter Include="Source Files\Core\EngineCore">
      <UniqueIdentifier>{28093933-efad-459a-8e3c-8503d527f20d}</UniqueIdentifier>
    </Filter>
  </ItemGroup>
  <ItemGroup>
    <ClCompile Include="Game.cpp">
      <Filter>Source Files\Game</Filter>
    </ClCompile>
    <ClCompile Include="Component.cpp">
      <Filter>Source Files\Components</Filter>
    </ClCompile>
    <ClCompile Include="SceneComponent.cpp">
      <Filter>Source Files\Components</Filter>
    </ClCompile>
    <ClCompile Include="World.cpp">
      <Filter>Source Files\Core\EngineCore</Filter>
    </ClCompile>
    <ClCompile Include="Level.cpp">
      <Filter>Source Files\Core\EngineCore</Filter>
    </ClCompile>
    <ClCompile Include="Object.cpp">
      <Filter>Source Files\Core\EngineCore</Filter>
    </ClCompile>
    <ClCompile Include="GameInstance.cpp">
      <Filter>Source Files\Core\EngineCore</Filter>
    </ClCompile>
    <ClCompile Include="Timer.cpp">
      <Filter>Source Files\Core\EngineCore</Filter>
    </ClCompile>
    <ClCompile Include="GameStatics.cpp">
      <Filter>Source Files\Core\EngineCore</Filter>
    </ClCompile>
    <ClCompile Include="stdafx.cpp">
      <Filter>Header Files\Core</Filter>
    </ClCompile>
  </ItemGroup>
  <ItemGroup>
    <ClInclude Include="Component.h">
      <Filter>Header Files\Components</Filter>
    </ClInclude>
    <ClInclude Include="SceneComponent.h">
      <Filter>Header Files\Components</Filter>
    </ClInclude>
    <ClInclude Include="Vector2.h">
      <Filter>Header Files\Core\Utility</Filter>
    </ClInclude>
    <ClInclude Include="World.h">
      <Filter>Header Files\Core\EngineCore</Filter>
    </ClInclude>
    <ClInclude Include="Object.h">
      <Filter>Header Files\Core\EngineCore</Filter>
    </ClInclude>
    <ClInclude Include="Level.h">
      <Filter>Header Files\Core\EngineCore</Filter>
    </ClInclude>
    <ClInclude Include="Transform.h">
      <Filter>Header Files\Core\Utility</Filter>
    </ClInclude>
    <ClInclude Include="Singleton.h">
      <Filter>Header Files\Core\Utility</Filter>
    </ClInclude>
    <ClInclude Include="Base.h">
      <Filter>Header Files\Core\EngineCore</Filter>
    </ClInclude>
    <ClInclude Include="GameInstance.h">
      <Filter>Header Files\Core\EngineCore</Filter>
    </ClInclude>
    <ClInclude Include="Timer.h">
      <Filter>Header Files\Core\EngineCore</Filter>
    </ClInclude>
    <ClInclude Include="GameStatics.h">
      <Filter>Header Files\Core\EngineCore</Filter>
    </ClInclude>
    <ClInclude Include="stdafx.h">
      <Filter>Source Files\Core</Filter>
    </ClInclude>
  </ItemGroup>
</Project>