<?xml version="1.0" encoding="utf-8"?>
<Project ToolsVersion="4.0" xmlns="http://schemas.microsoft.com/developer/msbuild/2003">
  <ItemGroup>
    <Filter Include="Source Files">
      <UniqueIdentifier>{4FC737F1-C7A5-4376-A066-2A32D752A2FF}</UniqueIdentifier>
      <Extensions>cpp;c;cc;cxx;c++;cppm;ixx;def;odl;idl;hpj;bat;asm;asmx</Extensions>
    </Filter>
    <Filter Include="Header Files">
      <UniqueIdentifier>{93995380-89BD-4b04-88EB-625FBE52EBFB}</UniqueIdentifier>
      <Extensions>h;hh;hpp;hxx;h++;hm;inl;inc;ipp;xsd</Extensions>
    </Filter>
    <Filter Include="Resource Files">
      <UniqueIdentifier>{67DA6AB6-F800-4c08-8B7A-83BB121AAD01}</UniqueIdentifier>
      <Extensions>rc;ico;cur;bmp;dlg;rc2;rct;bin;rgs;gif;jpg;jpeg;jpe;resx;tiff;tif;png;wav;mfcribbon-ms</Extensions>
    </Filter>
    <Filter Include="_Engine">
      <UniqueIdentifier>{2e4cef39-ff9e-4832-8de4-a0f7ef913aca}</UniqueIdentifier>
    </Filter>
    <Filter Include="_Engine\Componentes">
      <UniqueIdentifier>{ea1051ea-58dc-4655-bf56-56d3cf465e7d}</UniqueIdentifier>
    </Filter>
    <Filter Include="_Engine\Object">
      <UniqueIdentifier>{f6f84741-e7ed-49a2-8fa7-8168520fc67d}</UniqueIdentifier>
    </Filter>
    <Filter Include="_Engine\Utility">
      <UniqueIdentifier>{3c55133d-7837-4463-a2a1-306561b561e4}</UniqueIdentifier>
    </Filter>
    <Filter Include="_Engine\Manager">
      <UniqueIdentifier>{e9548c07-f47d-4158-9b86-9e4ef09187b0}</UniqueIdentifier>
    </Filter>
    <Filter Include="Header Files\StateMachine">
      <UniqueIdentifier>{6afd7be8-3205-4b7e-9702-43059c993529}</UniqueIdentifier>
    </Filter>
    <Filter Include="Source Files\StateMachine">
      <UniqueIdentifier>{d3f5cabd-b264-4083-9146-77b90eb473a5}</UniqueIdentifier>
    </Filter>
    <Filter Include="Header Files\StateMachine\Player">
      <UniqueIdentifier>{9ac095ad-b28f-4a07-b218-6f2305a6bf39}</UniqueIdentifier>
    </Filter>
    <Filter Include="Source Files\StateMachine\Player">
      <UniqueIdentifier>{d38920fd-9337-4402-ab35-0d6b167ec6ec}</UniqueIdentifier>
    </Filter>
    <Filter Include="Header Files\StateMachine\Player\State">
      <UniqueIdentifier>{4ae2e55e-f7b6-47a6-9ff6-2f2a281c7ccf}</UniqueIdentifier>
    </Filter>
    <Filter Include="Source Files\StateMachine\Player\State">
      <UniqueIdentifier>{616c4b9f-3a65-4cff-b66c-c20b6bf5ada9}</UniqueIdentifier>
    </Filter>
    <Filter Include="Source Files\Entity">
      <UniqueIdentifier>{5c293996-2f5d-4ea5-86d8-4c1686e58861}</UniqueIdentifier>
    </Filter>
    <Filter Include="Source Files\Entity\Character">
      <UniqueIdentifier>{8dee89af-e9f7-4b46-9e8c-4a0daaa7c971}</UniqueIdentifier>
    </Filter>
    <Filter Include="Header Files\Entity">
      <UniqueIdentifier>{2ad05f44-b876-41eb-8b06-4f69c7e6b480}</UniqueIdentifier>
    </Filter>
    <Filter Include="Header Files\Entity\Character">
      <UniqueIdentifier>{9a402e91-c188-44fa-a794-53b5f66f8362}</UniqueIdentifier>
    </Filter>
    <Filter Include="Source Files\Main">
      <UniqueIdentifier>{4509ac5c-fb4c-42e3-b268-95f071c9b6bb}</UniqueIdentifier>
    </Filter>
    <Filter Include="Header Files\Main">
      <UniqueIdentifier>{50d65045-a663-46da-9e66-721ae1935347}</UniqueIdentifier>
    </Filter>
    <Filter Include="_Engine\Manager\Interface">
      <UniqueIdentifier>{2a2ac0bb-da7e-4825-bf7b-c544461ecb4a}</UniqueIdentifier>
    </Filter>
  </ItemGroup>
  <ItemGroup>
    <ClCompile Include="stdafx.cpp">
      <Filter>_Engine</Filter>
    </ClCompile>
    <ClCompile Include="Project\GameController.cpp">
      <Filter>Source Files</Filter>
    </ClCompile>
    <ClCompile Include="Project\GameLevel.cpp">
      <Filter>Source Files</Filter>
    </ClCompile>
    <ClCompile Include="Engine\Animator.cpp">
      <Filter>_Engine\Componentes</Filter>
    </ClCompile>
    <ClCompile Include="Engine\Camera.cpp">
      <Filter>_Engine\Componentes</Filter>
    </ClCompile>
    <ClCompile Include="Engine\Collider.cpp">
      <Filter>_Engine\Componentes</Filter>
    </ClCompile>
    <ClCompile Include="Engine\Component.cpp">
      <Filter>_Engine\Componentes</Filter>
    </ClCompile>
    <ClCompile Include="Engine\InputComponent.cpp">
      <Filter>_Engine\Componentes</Filter>
    </ClCompile>
    <ClCompile Include="Engine\RigidBody.cpp">
      <Filter>_Engine\Componentes</Filter>
    </ClCompile>
    <ClCompile Include="Engine\SceneComponent.cpp">
      <Filter>_Engine\Componentes</Filter>
    </ClCompile>
    <ClCompile Include="Engine\SpriteRenderer.cpp">
      <Filter>_Engine\Componentes</Filter>
    </ClCompile>
    <ClCompile Include="Engine\VisualInterface.cpp">
      <Filter>_Engine\Manager\Interface</Filter>
    </ClCompile>
    <ClCompile Include="Engine\CollisionManager.cpp">
      <Filter>_Engine\Manager</Filter>
    </ClCompile>
    <ClCompile Include="Engine\InputManager.cpp">
      <Filter>_Engine\Manager</Filter>
    </ClCompile>
    <ClCompile Include="Engine\ResourceManager.cpp">
      <Filter>_Engine\Manager</Filter>
    </ClCompile>
    <ClCompile Include="Engine\CTimer.cpp">
      <Filter>_Engine\Utility</Filter>
    </ClCompile>
    <ClCompile Include="Engine\Debug.cpp">
      <Filter>_Engine\Utility</Filter>
    </ClCompile>
    <ClCompile Include="Engine\Game.cpp">
      <Filter>_Engine</Filter>
    </ClCompile>
    <ClCompile Include="Engine\World.cpp">
      <Filter>_Engine</Filter>
    </ClCompile>
    <ClCompile Include="Engine\Transform.cpp">
      <Filter>_Engine\Utility</Filter>
    </ClCompile>
    <ClCompile Include="Engine\Timer.cpp">
      <Filter>_Engine\Utility</Filter>
    </ClCompile>
    <ClCompile Include="Engine\StaticMesh.cpp">
      <Filter>_Engine\Object</Filter>
    </ClCompile>
    <ClCompile Include="Engine\Object.cpp">
      <Filter>_Engine\Object</Filter>
    </ClCompile>
    <ClCompile Include="Engine\Controller.cpp">
      <Filter>_Engine\Object</Filter>
    </ClCompile>
    <ClCompile Include="Project\BaseState.cpp">
      <Filter>Source Files\StateMachine</Filter>
    </ClCompile>
    <ClCompile Include="Project\Block.cpp">
      <Filter>Source Files\Entity</Filter>
    </ClCompile>
    <ClCompile Include="Engine\GameInstance.cpp">
      <Filter>_Engine</Filter>
    </ClCompile>
    <ClCompile Include="Project\StateMachine.cpp">
      <Filter>Source Files\StateMachine</Filter>
    </ClCompile>
    <ClCompile Include="Project\PlayerStates.cpp">
      <Filter>Source Files\StateMachine\Player\State</Filter>
    </ClCompile>
    <ClCompile Include="Project\Player.cpp">
      <Filter>Source Files\Entity\Character</Filter>
    </ClCompile>
    <ClCompile Include="Project\Platform.cpp">
      <Filter>Source Files\Entity</Filter>
    </ClCompile>
    <ClCompile Include="Engine\MyTexture.cpp">
      <Filter>_Engine\Utility</Filter>
    </ClCompile>
    <ClCompile Include="Engine\myApp.cpp">
      <Filter>_Engine</Filter>
    </ClCompile>
    <ClCompile Include="Engine\Level.cpp">
      <Filter>_Engine</Filter>
    </ClCompile>
    <ClCompile Include="Engine\GameStatics.cpp">
      <Filter>_Engine</Filter>
    </ClCompile>
  </ItemGroup>
  <ItemGroup>
    <ClInclude Include="stdafx.h">
      <Filter>_Engine</Filter>
    </ClInclude>
    <ClInclude Include="Project\GameController.h">
      <Filter>Header Files</Filter>
    </ClInclude>
    <ClInclude Include="Project\GameLevel.h">
      <Filter>Header Files</Filter>
    </ClInclude>
    <ClInclude Include="Engine\Base.h">
      <Filter>_Engine\Object</Filter>
    </ClInclude>
    <ClInclude Include="Engine\Animator.h">
      <Filter>_Engine\Componentes</Filter>
    </ClInclude>
    <ClInclude Include="Engine\Camera.h">
      <Filter>_Engine\Componentes</Filter>
    </ClInclude>
    <ClInclude Include="Engine\Collider.h">
      <Filter>_Engine\Componentes</Filter>
    </ClInclude>
    <ClInclude Include="Engine\CollisionManager.h">
      <Filter>_Engine\Manager</Filter>
    </ClInclude>
    <ClInclude Include="Engine\Component.h">
      <Filter>_Engine\Componentes</Filter>
    </ClInclude>
    <ClInclude Include="Engine\Controller.h">
      <Filter>_Engine\Object</Filter>
    </ClInclude>
    <ClInclude Include="Engine\Delegate.h">
      <Filter>_Engine\Utility</Filter>
    </ClInclude>
    <ClInclude Include="Engine\Debug.h">
      <Filter>_Engine\Utility</Filter>
    </ClInclude>
    <ClInclude Include="Engine\CTimer.h">
      <Filter>_Engine\Utility</Filter>
    </ClInclude>
    <ClInclude Include="Engine\InputComponent.h">
      <Filter>_Engine\Componentes</Filter>
    </ClInclude>
    <ClInclude Include="Engine\InputManager.h">
      <Filter>_Engine\Manager</Filter>
    </ClInclude>
    <ClInclude Include="Engine\GameStatics.h">
      <Filter>_Engine</Filter>
    </ClInclude>
    <ClInclude Include="Engine\GameInstance.h">
      <Filter>_Engine</Filter>
    </ClInclude>
    <ClInclude Include="Engine\Object.h">
      <Filter>_Engine\Object</Filter>
    </ClInclude>
    <ClInclude Include="Engine\Pair.h">
      <Filter>_Engine\Utility</Filter>
    </ClInclude>
    <ClInclude Include="Engine\Math.h">
      <Filter>_Engine\Utility</Filter>
    </ClInclude>
    <ClInclude Include="Engine\myApp.h">
      <Filter>_Engine</Filter>
    </ClInclude>
    <ClInclude Include="Engine\Level.h">
      <Filter>_Engine</Filter>
    </ClInclude>
    <ClInclude Include="Engine\MyTexture.h">
      <Filter>_Engine\Utility</Filter>
    </ClInclude>
    <ClInclude Include="Engine\ResourceManager.h">
      <Filter>_Engine\Manager</Filter>
    </ClInclude>
    <ClInclude Include="Engine\RigidBody.h">
      <Filter>_Engine\Componentes</Filter>
    </ClInclude>
    <ClInclude Include="Engine\VisualInterface.h">
      <Filter>_Engine\Manager\Interface</Filter>
    </ClInclude>
    <ClInclude Include="Engine\SpriteRenderer.h">
      <Filter>_Engine\Componentes</Filter>
    </ClInclude>
    <ClInclude Include="Engine\SceneComponent.h">
      <Filter>_Engine\Componentes</Filter>
    </ClInclude>
    <ClInclude Include="Engine\StaticMesh.h">
      <Filter>_Engine\Object</Filter>
    </ClInclude>
    <ClInclude Include="Engine\World.h">
      <Filter>_Engine</Filter>
    </ClInclude>
    <ClInclude Include="Engine\Vector2.h">
      <Filter>_Engine\Utility</Filter>
    </ClInclude>
    <ClInclude Include="Engine\Transform.h">
      <Filter>_Engine\Utility</Filter>
    </ClInclude>
    <ClInclude Include="Engine\Timer.h">
      <Filter>_Engine\Utility</Filter>
    </ClInclude>
    <ClInclude Include="Engine\Singleton.h">
      <Filter>_Engine\Utility</Filter>
    </ClInclude>
    <ClInclude Include="Project\BaseState.h">
      <Filter>Header Files\StateMachine</Filter>
    </ClInclude>
    <ClInclude Include="Project\Block.h">
      <Filter>Header Files\Entity</Filter>
    </ClInclude>
    <ClInclude Include="Project\Player.h">
      <Filter>Header Files\Entity\Character</Filter>
    </ClInclude>
    <ClInclude Include="Project\Platform.h">
      <Filter>Header Files\Entity</Filter>
    </ClInclude>
    <ClInclude Include="Project\PlayerStates.h">
      <Filter>Header Files\StateMachine\Player\State</Filter>
    </ClInclude>
    <ClInclude Include="Project\StateMachine.h">
      <Filter>Header Files\StateMachine</Filter>
    </ClInclude>
  </ItemGroup>
</Project>